
Microsoft Visual Studio Solution File, Format Version 12.00
# Visual Studio 15
VisualStudioVersion = 15.0.27703.2026
MinimumVisualStudioVersion = 10.0.40219.1
Project("{FAE04EC0-301F-11D3-BF4B-00C04F79EFBC}") = "WeasylLib.Example", "WeasylLib.Example\WeasylLib.Example.csproj", "{95FFF9DD-C1B4-4C3F-B96E-5F4FC932B9F2}"
EndProject
Project("{FAE04EC0-301F-11D3-BF4B-00C04F79EFBC}") = "WeasylLib", "WeasylLib\WeasylLib.csproj", "{22ACEEEC-0A68-4278-AF95-04C6A37DC309}"
EndProject
Global
	GlobalSection(SolutionConfigurationPlatforms) = preSolution
		Debug|Any CPU = Debug|Any CPU
		Release|Any CPU = Release|Any CPU
	EndGlobalSection
	GlobalSection(ProjectConfigurationPlatforms) = postSolution
		{95FFF9DD-C1B4-4C3F-B96E-5F4FC932B9F2}.Debug|Any CPU.ActiveCfg = Debug|Any CPU
		{95FFF9DD-C1B4-4C3F-B96E-5F4FC932B9F2}.Debug|Any CPU.Build.0 = Debug|Any CPU
		{95FFF9DD-C1B4-4C3F-B96E-5F4FC932B9F2}.Release|Any CPU.ActiveCfg = Release|Any CPU
		{95FFF9DD-C1B4-4C3F-B96E-5F4FC932B9F2}.Release|Any CPU.Build.0 = Release|Any CPU
		{22ACEEEC-0A68-4278-AF95-04C6A37DC309}.Debug|Any CPU.ActiveCfg = Debug|Any CPU
		{22ACEEEC-0A68-4278-AF95-04C6A37DC309}.Debug|Any CPU.Build.0 = Debug|Any CPU
		{22ACEEEC-0A68-4278-AF95-04C6A37DC309}.Release|Any CPU.ActiveCfg = Release|Any CPU
		{22ACEEEC-0A68-4278-AF95-04C6A37DC309}.Release|Any CPU.Build.0 = Release|Any CPU
	EndGlobalSection
	GlobalSection(SolutionProperties) = preSolution
		HideSolutionNode = FALSE
	EndGlobalSection
	GlobalSection(ExtensibilityGlobals) = postSolution
		SolutionGuid = {16B1F7BF-A222-4D01-B031-603ED20429D0}
	EndGlobalSection
EndGlobal
